
Microsoft Visual Studio Solution File, Format Version 12.00
# Visual Studio Version 17
VisualStudioVersion = 17.5.002.0
MinimumVisualStudioVersion = 10.0.40219.1
Project("{9A19103F-16F7-4668-BE54-9A1E7A4F7556}") = "new_blazor", "new_blazor.csproj", "{44C58F64-A6CA-48B2-865B-5648724E6F45}"
EndProject
Global
	GlobalSection(SolutionConfigurationPlatforms) = preSolution
		Debug|Any CPU = Debug|Any CPU
		Release|Any CPU = Release|Any CPU
	EndGlobalSection
	GlobalSection(ProjectConfigurationPlatforms) = postSolution
		{44C58F64-A6CA-48B2-865B-5648724E6F45}.Debug|Any CPU.ActiveCfg = Debug|Any CPU
		{44C58F64-A6CA-48B2-865B-5648724E6F45}.Debug|Any CPU.Build.0 = Debug|Any CPU
		{44C58F64-A6CA-48B2-865B-5648724E6F45}.Release|Any CPU.ActiveCfg = Release|Any CPU
		{44C58F64-A6CA-48B2-865B-5648724E6F45}.Release|Any CPU.Build.0 = Release|Any CPU
	EndGlobalSection
	GlobalSection(SolutionProperties) = preSolution
		HideSolutionNode = FALSE
	EndGlobalSection
	GlobalSection(ExtensibilityGlobals) = postSolution
		SolutionGuid = {771916FA-2D15-46E3-8A87-12EA49952D0F}
	EndGlobalSection
EndGlobal
